
Microsoft Visual Studio Solution File, Format Version 12.00
# Visual Studio Version 16
VisualStudioVersion = 16.0.31105.61
MinimumVisualStudioVersion = 10.0.40219.1
Project("{9A19103F-16F7-4668-BE54-9A1E7A4F7556}") = "GUI", "GUI\GUI.csproj", "{7C0FB709-1BA0-4DCB-B2CB-5C7DE9E82E74}"
EndProject
Project("{FAE04EC0-301F-11D3-BF4B-00C04F79EFBC}") = "DAL", "DAL\DAL.csproj", "{F9998913-6EFD-4DCC-BED3-D033A9CA702D}"
EndProject
Project("{FAE04EC0-301F-11D3-BF4B-00C04F79EFBC}") = "Modelos", "Modelos\Modelos.csproj", "{CF51B79C-3796-4D6F-94DE-6D148D5A5E67}"
EndProject
Project("{FAE04EC0-301F-11D3-BF4B-00C04F79EFBC}") = "TesteCliente", "TesteCliente\TesteCliente.csproj", "{C68E51D5-0FBF-47EA-AB21-21ECC978458A}"
EndProject
Global
	GlobalSection(SolutionConfigurationPlatforms) = preSolution
		Debug|Any CPU = Debug|Any CPU
		Release|Any CPU = Release|Any CPU
	EndGlobalSection
	GlobalSection(ProjectConfigurationPlatforms) = postSolution
		{7C0FB709-1BA0-4DCB-B2CB-5C7DE9E82E74}.Debug|Any CPU.ActiveCfg = Debug|Any CPU
		{7C0FB709-1BA0-4DCB-B2CB-5C7DE9E82E74}.Debug|Any CPU.Build.0 = Debug|Any CPU
		{7C0FB709-1BA0-4DCB-B2CB-5C7DE9E82E74}.Release|Any CPU.ActiveCfg = Release|Any CPU
		{7C0FB709-1BA0-4DCB-B2CB-5C7DE9E82E74}.Release|Any CPU.Build.0 = Release|Any CPU
		{F9998913-6EFD-4DCC-BED3-D033A9CA702D}.Debug|Any CPU.ActiveCfg = Debug|Any CPU
		{F9998913-6EFD-4DCC-BED3-D033A9CA702D}.Debug|Any CPU.Build.0 = Debug|Any CPU
		{F9998913-6EFD-4DCC-BED3-D033A9CA702D}.Release|Any CPU.ActiveCfg = Release|Any CPU
		{F9998913-6EFD-4DCC-BED3-D033A9CA702D}.Release|Any CPU.Build.0 = Release|Any CPU
		{CF51B79C-3796-4D6F-94DE-6D148D5A5E67}.Debug|Any CPU.ActiveCfg = Debug|Any CPU
		{CF51B79C-3796-4D6F-94DE-6D148D5A5E67}.Debug|Any CPU.Build.0 = Debug|Any CPU
		{CF51B79C-3796-4D6F-94DE-6D148D5A5E67}.Release|Any CPU.ActiveCfg = Release|Any CPU
		{CF51B79C-3796-4D6F-94DE-6D148D5A5E67}.Release|Any CPU.Build.0 = Release|Any CPU
		{C68E51D5-0FBF-47EA-AB21-21ECC978458A}.Debug|Any CPU.ActiveCfg = Debug|Any CPU
		{C68E51D5-0FBF-47EA-AB21-21ECC978458A}.Debug|Any CPU.Build.0 = Debug|Any CPU
		{C68E51D5-0FBF-47EA-AB21-21ECC978458A}.Release|Any CPU.ActiveCfg = Release|Any CPU
		{C68E51D5-0FBF-47EA-AB21-21ECC978458A}.Release|Any CPU.Build.0 = Release|Any CPU
	EndGlobalSection
	GlobalSection(SolutionProperties) = preSolution
		HideSolutionNode = FALSE
	EndGlobalSection
	GlobalSection(ExtensibilityGlobals) = postSolution
		SolutionGuid = {C36E35C6-FF9D-47BC-BF5D-4D0E1DF00471}
	EndGlobalSection
EndGlobal
